
Microsoft Visual Studio Solution File, Format Version 12.00
# Visual Studio 15
Project("{FAE04EC0-301F-11D3-BF4B-00C04F79EFBC}") = "backup24.10.2018", "backup24.10.2018.csproj", "{CF3D7CD0-6609-A889-D905-A1E02F66734C}"
EndProject
Project("{FAE04EC0-301F-11D3-BF4B-00C04F79EFBC}") = "backup24.10.2018.Editor", "backup24.10.2018.Editor.csproj", "{F30CB093-0820-53B6-A518-C149A0D7D90D}"
EndProject
Global
	GlobalSection(SolutionConfigurationPlatforms) = preSolution
		Debug|Any CPU = Debug|Any CPU
		Release|Any CPU = Release|Any CPU
	EndGlobalSection
	GlobalSection(ProjectConfigurationPlatforms) = postSolution
		{CF3D7CD0-6609-A889-D905-A1E02F66734C}.Debug|Any CPU.ActiveCfg = Debug|Any CPU
		{CF3D7CD0-6609-A889-D905-A1E02F66734C}.Debug|Any CPU.Build.0 = Debug|Any CPU
		{CF3D7CD0-6609-A889-D905-A1E02F66734C}.Release|Any CPU.ActiveCfg = Release|Any CPU
		{CF3D7CD0-6609-A889-D905-A1E02F66734C}.Release|Any CPU.Build.0 = Release|Any CPU
		{F30CB093-0820-53B6-A518-C149A0D7D90D}.Debug|Any CPU.ActiveCfg = Debug|Any CPU
		{F30CB093-0820-53B6-A518-C149A0D7D90D}.Debug|Any CPU.Build.0 = Debug|Any CPU
		{F30CB093-0820-53B6-A518-C149A0D7D90D}.Release|Any CPU.ActiveCfg = Release|Any CPU
		{F30CB093-0820-53B6-A518-C149A0D7D90D}.Release|Any CPU.Build.0 = Release|Any CPU
	EndGlobalSection
	GlobalSection(SolutionProperties) = preSolution
		HideSolutionNode = FALSE
	EndGlobalSection
EndGlobal
