
Microsoft Visual Studio Solution File, Format Version 12.00
# Visual Studio 2017
Project("{FAE04EC0-301F-11D3-BF4B-00C04F79EFBC}") = "peerCcClone", "peerCcClone.csproj", "{17F0A505-7A4B-4FA6-92CE-1E6EDFADFFAC}"
EndProject
Project("{FAE04EC0-301F-11D3-BF4B-00C04F79EFBC}") = "peerCcClone.Editor", "peerCcClone.Editor.csproj", "{B8CF4840-55ED-576A-4755-DC100BE665C9}"
EndProject
Global
	GlobalSection(SolutionConfigurationPlatforms) = preSolution
		Debug|Any CPU = Debug|Any CPU
		Release|Any CPU = Release|Any CPU
	EndGlobalSection
	GlobalSection(ProjectConfigurationPlatforms) = postSolution
		{17F0A505-7A4B-4FA6-92CE-1E6EDFADFFAC}.Debug|Any CPU.ActiveCfg = Debug|Any CPU
		{17F0A505-7A4B-4FA6-92CE-1E6EDFADFFAC}.Debug|Any CPU.Build.0 = Debug|Any CPU
		{17F0A505-7A4B-4FA6-92CE-1E6EDFADFFAC}.Release|Any CPU.ActiveCfg = Release|Any CPU
		{17F0A505-7A4B-4FA6-92CE-1E6EDFADFFAC}.Release|Any CPU.Build.0 = Release|Any CPU
		{B8CF4840-55ED-576A-4755-DC100BE665C9}.Debug|Any CPU.ActiveCfg = Debug|Any CPU
		{B8CF4840-55ED-576A-4755-DC100BE665C9}.Debug|Any CPU.Build.0 = Debug|Any CPU
		{B8CF4840-55ED-576A-4755-DC100BE665C9}.Release|Any CPU.ActiveCfg = Release|Any CPU
		{B8CF4840-55ED-576A-4755-DC100BE665C9}.Release|Any CPU.Build.0 = Release|Any CPU
	EndGlobalSection
	GlobalSection(SolutionProperties) = preSolution
		HideSolutionNode = FALSE
	EndGlobalSection
EndGlobal
