
Microsoft Visual Studio Solution File, Format Version 12.00
# Visual Studio 15
Project("{FAE04EC0-301F-11D3-BF4B-00C04F79EFBC}") = "webRTCHololens", "webRTCHololens.csproj", "{58EFDD78-4404-F443-973C-0E0ECDBF2589}"
EndProject
Project("{FAE04EC0-301F-11D3-BF4B-00C04F79EFBC}") = "webRTCHololens.Editor", "webRTCHololens.Editor.csproj", "{551147E8-086E-F93D-E613-43F0EA57C24F}"
EndProject
Global
	GlobalSection(SolutionConfigurationPlatforms) = preSolution
		Debug|Any CPU = Debug|Any CPU
		Release|Any CPU = Release|Any CPU
	EndGlobalSection
	GlobalSection(ProjectConfigurationPlatforms) = postSolution
		{58EFDD78-4404-F443-973C-0E0ECDBF2589}.Debug|Any CPU.ActiveCfg = Debug|Any CPU
		{58EFDD78-4404-F443-973C-0E0ECDBF2589}.Debug|Any CPU.Build.0 = Debug|Any CPU
		{58EFDD78-4404-F443-973C-0E0ECDBF2589}.Release|Any CPU.ActiveCfg = Release|Any CPU
		{58EFDD78-4404-F443-973C-0E0ECDBF2589}.Release|Any CPU.Build.0 = Release|Any CPU
		{551147E8-086E-F93D-E613-43F0EA57C24F}.Debug|Any CPU.ActiveCfg = Debug|Any CPU
		{551147E8-086E-F93D-E613-43F0EA57C24F}.Debug|Any CPU.Build.0 = Debug|Any CPU
		{551147E8-086E-F93D-E613-43F0EA57C24F}.Release|Any CPU.ActiveCfg = Release|Any CPU
		{551147E8-086E-F93D-E613-43F0EA57C24F}.Release|Any CPU.Build.0 = Release|Any CPU
	EndGlobalSection
	GlobalSection(SolutionProperties) = preSolution
		HideSolutionNode = FALSE
	EndGlobalSection
EndGlobal
